
Microsoft Visual Studio Solution File, Format Version 12.00
# Visual Studio Version 16
VisualStudioVersion = 16.0.31613.86
MinimumVisualStudioVersion = 10.0.40219.1
Project("{FAE04EC0-301F-11D3-BF4B-00C04F79EFBC}") = "RabbitMQ.Consumer", "RabbitMQ.Consumer\RabbitMQ.Consumer.csproj", "{2312D091-3804-430F-A1DE-152DC2BB58A4}"
EndProject
Global
	GlobalSection(SolutionConfigurationPlatforms) = preSolution
		Debug|Any CPU = Debug|Any CPU
		Release|Any CPU = Release|Any CPU
	EndGlobalSection
	GlobalSection(ProjectConfigurationPlatforms) = postSolution
		{2312D091-3804-430F-A1DE-152DC2BB58A4}.Debug|Any CPU.ActiveCfg = Debug|Any CPU
		{2312D091-3804-430F-A1DE-152DC2BB58A4}.Debug|Any CPU.Build.0 = Debug|Any CPU
		{2312D091-3804-430F-A1DE-152DC2BB58A4}.Release|Any CPU.ActiveCfg = Release|Any CPU
		{2312D091-3804-430F-A1DE-152DC2BB58A4}.Release|Any CPU.Build.0 = Release|Any CPU
	EndGlobalSection
	GlobalSection(SolutionProperties) = preSolution
		HideSolutionNode = FALSE
	EndGlobalSection
	GlobalSection(ExtensibilityGlobals) = postSolution
		SolutionGuid = {0FF39856-A131-4F44-8162-ABC5D289FA11}
	EndGlobalSection
EndGlobal
